
Microsoft Visual Studio Solution File, Format Version 12.00
# Visual Studio Version 16
VisualStudioVersion = 16.0.31205.134
MinimumVisualStudioVersion = 10.0.40219.1
Project("{FAE04EC0-301F-11D3-BF4B-00C04F79EFBC}") = "Vedecka_Kalkulacka-Fejt02", "Vedecka_Kalkulacka-Fejt02.csproj", "{480CEC44-E7A7-499C-9850-2B8BCFAFA530}"
EndProject
Global
	GlobalSection(SolutionConfigurationPlatforms) = preSolution
		Debug|Any CPU = Debug|Any CPU
		Release|Any CPU = Release|Any CPU
	EndGlobalSection
	GlobalSection(ProjectConfigurationPlatforms) = postSolution
		{480CEC44-E7A7-499C-9850-2B8BCFAFA530}.Debug|Any CPU.ActiveCfg = Debug|Any CPU
		{480CEC44-E7A7-499C-9850-2B8BCFAFA530}.Debug|Any CPU.Build.0 = Debug|Any CPU
		{480CEC44-E7A7-499C-9850-2B8BCFAFA530}.Release|Any CPU.ActiveCfg = Release|Any CPU
		{480CEC44-E7A7-499C-9850-2B8BCFAFA530}.Release|Any CPU.Build.0 = Release|Any CPU
	EndGlobalSection
	GlobalSection(SolutionProperties) = preSolution
		HideSolutionNode = FALSE
	EndGlobalSection
	GlobalSection(ExtensibilityGlobals) = postSolution
		SolutionGuid = {C8CD70A5-661F-4077-9F06-D9198D1B29EA}
	EndGlobalSection
EndGlobal
