
Microsoft Visual Studio Solution File, Format Version 12.00
# Visual Studio Version 16
VisualStudioVersion = 16.0.31205.134
MinimumVisualStudioVersion = 10.0.40219.1
Project("{FAE04EC0-301F-11D3-BF4B-00C04F79EFBC}") = "10_Cviceni", "10_Cviceni.csproj", "{47F42D7C-9E4C-4C4B-9E41-BA9E69690341}"
EndProject
Global
	GlobalSection(SolutionConfigurationPlatforms) = preSolution
		Debug|Any CPU = Debug|Any CPU
		Release|Any CPU = Release|Any CPU
	EndGlobalSection
	GlobalSection(ProjectConfigurationPlatforms) = postSolution
		{47F42D7C-9E4C-4C4B-9E41-BA9E69690341}.Debug|Any CPU.ActiveCfg = Debug|Any CPU
		{47F42D7C-9E4C-4C4B-9E41-BA9E69690341}.Debug|Any CPU.Build.0 = Debug|Any CPU
		{47F42D7C-9E4C-4C4B-9E41-BA9E69690341}.Release|Any CPU.ActiveCfg = Release|Any CPU
		{47F42D7C-9E4C-4C4B-9E41-BA9E69690341}.Release|Any CPU.Build.0 = Release|Any CPU
	EndGlobalSection
	GlobalSection(SolutionProperties) = preSolution
		HideSolutionNode = FALSE
	EndGlobalSection
	GlobalSection(ExtensibilityGlobals) = postSolution
		SolutionGuid = {56EAEA1F-AC43-455B-8BC8-B510D4F86B85}
	EndGlobalSection
EndGlobal
